// !$*UTF8*$!
{
	archiveVersion = 1;
	classes = {
	};
	objectVersion = 55;
	objects = {

/* Begin PBXBuildFile section */
		E4127C0D2885C53800D1AED5 /* GameViewController.swift in Sources */ = {isa = PBXBuildFile; fileRef = E4127C0C2885C53800D1AED5 /* GameViewController.swift */; };
		E4127C132885C81000D1AED5 /* words.json in Resources */ = {isa = PBXBuildFile; fileRef = E4127C122885C81000D1AED5 /* words.json */; };
		E4127C182885CA6900D1AED5 /* Logging in Frameworks */ = {isa = PBXBuildFile; productRef = E4127C172885CA6900D1AED5 /* Logging */; };
		E4127C1A2885CADB00D1AED5 /* GameRepository.swift in Sources */ = {isa = PBXBuildFile; fileRef = E4127C192885CADB00D1AED5 /* GameRepository.swift */; };
		E4127C1E2885CF7800D1AED5 /* FileType.swift in Sources */ = {isa = PBXBuildFile; fileRef = E4127C1D2885CF7800D1AED5 /* FileType.swift */; };
		E4127C202885CF7800D1AED5 /* FileReaderError.swift in Sources */ = {isa = PBXBuildFile; fileRef = E4127C1C2885CF7800D1AED5 /* FileReaderError.swift */; };
		E4127C232885CF7D00D1AED5 /* FileName.swift in Sources */ = {isa = PBXBuildFile; fileRef = E4127C222885CF7D00D1AED5 /* FileName.swift */; };
		E4127C242885CF7D00D1AED5 /* FileReader.swift in Sources */ = {isa = PBXBuildFile; fileRef = E4127C212885CF7D00D1AED5 /* FileReader.swift */; };
		E4127C272885CF9E00D1AED5 /* Word.swift in Sources */ = {isa = PBXBuildFile; fileRef = E4127C262885CF9E00D1AED5 /* Word.swift */; };
		E4127C2A2885D12E00D1AED5 /* LoggerExt.swift in Sources */ = {isa = PBXBuildFile; fileRef = E4127C292885D12E00D1AED5 /* LoggerExt.swift */; };
		E421DA302885DC4F0062B6D3 /* Round.swift in Sources */ = {isa = PBXBuildFile; fileRef = E421DA2F2885DC4F0062B6D3 /* Round.swift */; };
		E421DA322885E0F20062B6D3 /* GameUseCase.swift in Sources */ = {isa = PBXBuildFile; fileRef = E421DA312885E0F20062B6D3 /* GameUseCase.swift */; };
		E421DA342885E1110062B6D3 /* PlayerAction.swift in Sources */ = {isa = PBXBuildFile; fileRef = E421DA332885E1110062B6D3 /* PlayerAction.swift */; };
		E4B560602885BF5800D020A3 /* AppDelegate.swift in Sources */ = {isa = PBXBuildFile; fileRef = E4B5605F2885BF5800D020A3 /* AppDelegate.swift */; };
		E4B560622885BF5800D020A3 /* SceneDelegate.swift in Sources */ = {isa = PBXBuildFile; fileRef = E4B560612885BF5800D020A3 /* SceneDelegate.swift */; };
		E4B560642885BF5800D020A3 /* HomeViewController.swift in Sources */ = {isa = PBXBuildFile; fileRef = E4B560632885BF5800D020A3 /* HomeViewController.swift */; };
		E4B560672885BF5800D020A3 /* Main.storyboard in Resources */ = {isa = PBXBuildFile; fileRef = E4B560652885BF5800D020A3 /* Main.storyboard */; };
		E4B560692885BF5900D020A3 /* Assets.xcassets in Resources */ = {isa = PBXBuildFile; fileRef = E4B560682885BF5900D020A3 /* Assets.xcassets */; };
		E4B5606C2885BF5900D020A3 /* LaunchScreen.storyboard in Resources */ = {isa = PBXBuildFile; fileRef = E4B5606A2885BF5900D020A3 /* LaunchScreen.storyboard */; };
		E4B560772885BF5A00D020A3 /* WordGameTests.swift in Sources */ = {isa = PBXBuildFile; fileRef = E4B560762885BF5A00D020A3 /* WordGameTests.swift */; };
		E4B560812885BF5A00D020A3 /* WordGameUITests.swift in Sources */ = {isa = PBXBuildFile; fileRef = E4B560802885BF5A00D020A3 /* WordGameUITests.swift */; };
		E4B560832885BF5A00D020A3 /* WordGameUITestsLaunchTests.swift in Sources */ = {isa = PBXBuildFile; fileRef = E4B560822885BF5A00D020A3 /* WordGameUITestsLaunchTests.swift */; };
		E4C597512886A4E900F57EC9 /* GameService.swift in Sources */ = {isa = PBXBuildFile; fileRef = E4C597502886A4E900F57EC9 /* GameService.swift */; };
		E4C597562886BC3C00F57EC9 /* HomeViewModel.swift in Sources */ = {isa = PBXBuildFile; fileRef = E4C597552886BC3C00F57EC9 /* HomeViewModel.swift */; };
		E4C597582886BD3E00F57EC9 /* HomeViewModelActions.swift in Sources */ = {isa = PBXBuildFile; fileRef = E4C597572886BD3E00F57EC9 /* HomeViewModelActions.swift */; };
		E4C5975A2886C3E200F57EC9 /* GameViewContainer.swift in Sources */ = {isa = PBXBuildFile; fileRef = E4C597592886C3E200F57EC9 /* GameViewContainer.swift */; };
		E4C5975C2886C4A800F57EC9 /* HomeNavigator.swift in Sources */ = {isa = PBXBuildFile; fileRef = E4C5975B2886C4A800F57EC9 /* HomeNavigator.swift */; };
		E4C5975E2886C87A00F57EC9 /* Storyboards.swift in Sources */ = {isa = PBXBuildFile; fileRef = E4C5975D2886C87A00F57EC9 /* Storyboards.swift */; };
		E4C597602886C9C600F57EC9 /* AppContainer.swift in Sources */ = {isa = PBXBuildFile; fileRef = E4C5975F2886C9C600F57EC9 /* AppContainer.swift */; };
		E4C597622886CA8900F57EC9 /* AppFlowCoordinator.swift in Sources */ = {isa = PBXBuildFile; fileRef = E4C597612886CA8900F57EC9 /* AppFlowCoordinator.swift */; };
		E4C597672886DEE700F57EC9 /* GameViewModel.swift in Sources */ = {isa = PBXBuildFile; fileRef = E4C597662886DEE700F57EC9 /* GameViewModel.swift */; };
/* End PBXBuildFile section */

/* Begin PBXContainerItemProxy section */
		E4B560732885BF5A00D020A3 /* PBXContainerItemProxy */ = {
			isa = PBXContainerItemProxy;
			containerPortal = E4B560542885BF5800D020A3 /* Project object */;
			proxyType = 1;
			remoteGlobalIDString = E4B5605B2885BF5800D020A3;
			remoteInfo = WordGame;
		};
		E4B5607D2885BF5A00D020A3 /* PBXContainerItemProxy */ = {
			isa = PBXContainerItemProxy;
			containerPortal = E4B560542885BF5800D020A3 /* Project object */;
			proxyType = 1;
			remoteGlobalIDString = E4B5605B2885BF5800D020A3;
			remoteInfo = WordGame;
		};
/* End PBXContainerItemProxy section */

/* Begin PBXFileReference section */
		E4127C0C2885C53800D1AED5 /* GameViewController.swift */ = {isa = PBXFileReference; lastKnownFileType = sourcecode.swift; path = GameViewController.swift; sourceTree = "<group>"; };
		E4127C122885C81000D1AED5 /* words.json */ = {isa = PBXFileReference; fileEncoding = 4; lastKnownFileType = text.json; path = words.json; sourceTree = "<group>"; };
		E4127C192885CADB00D1AED5 /* GameRepository.swift */ = {isa = PBXFileReference; lastKnownFileType = sourcecode.swift; path = GameRepository.swift; sourceTree = "<group>"; };
		E4127C1C2885CF7800D1AED5 /* FileReaderError.swift */ = {isa = PBXFileReference; lastKnownFileType = sourcecode.swift; path = FileReaderError.swift; sourceTree = "<group>"; };
		E4127C1D2885CF7800D1AED5 /* FileType.swift */ = {isa = PBXFileReference; lastKnownFileType = sourcecode.swift; path = FileType.swift; sourceTree = "<group>"; };
		E4127C212885CF7D00D1AED5 /* FileReader.swift */ = {isa = PBXFileReference; lastKnownFileType = sourcecode.swift; path = FileReader.swift; sourceTree = "<group>"; };
		E4127C222885CF7D00D1AED5 /* FileName.swift */ = {isa = PBXFileReference; lastKnownFileType = sourcecode.swift; path = FileName.swift; sourceTree = "<group>"; };
		E4127C262885CF9E00D1AED5 /* Word.swift */ = {isa = PBXFileReference; lastKnownFileType = sourcecode.swift; path = Word.swift; sourceTree = "<group>"; };
		E4127C292885D12E00D1AED5 /* LoggerExt.swift */ = {isa = PBXFileReference; fileEncoding = 4; lastKnownFileType = sourcecode.swift; path = LoggerExt.swift; sourceTree = "<group>"; };
		E421DA2F2885DC4F0062B6D3 /* Round.swift */ = {isa = PBXFileReference; lastKnownFileType = sourcecode.swift; path = Round.swift; sourceTree = "<group>"; };
		E421DA312885E0F20062B6D3 /* GameUseCase.swift */ = {isa = PBXFileReference; lastKnownFileType = sourcecode.swift; path = GameUseCase.swift; sourceTree = "<group>"; };
		E421DA332885E1110062B6D3 /* PlayerAction.swift */ = {isa = PBXFileReference; lastKnownFileType = sourcecode.swift; path = PlayerAction.swift; sourceTree = "<group>"; };
		E4B5605C2885BF5800D020A3 /* WordGame.app */ = {isa = PBXFileReference; explicitFileType = wrapper.application; includeInIndex = 0; path = WordGame.app; sourceTree = BUILT_PRODUCTS_DIR; };
		E4B5605F2885BF5800D020A3 /* AppDelegate.swift */ = {isa = PBXFileReference; lastKnownFileType = sourcecode.swift; path = AppDelegate.swift; sourceTree = "<group>"; };
		E4B560612885BF5800D020A3 /* SceneDelegate.swift */ = {isa = PBXFileReference; lastKnownFileType = sourcecode.swift; path = SceneDelegate.swift; sourceTree = "<group>"; };
		E4B560632885BF5800D020A3 /* HomeViewController.swift */ = {isa = PBXFileReference; lastKnownFileType = sourcecode.swift; path = HomeViewController.swift; sourceTree = "<group>"; };
		E4B560662885BF5800D020A3 /* Base */ = {isa = PBXFileReference; lastKnownFileType = file.storyboard; name = Base; path = Base.lproj/Main.storyboard; sourceTree = "<group>"; };
		E4B560682885BF5900D020A3 /* Assets.xcassets */ = {isa = PBXFileReference; lastKnownFileType = folder.assetcatalog; path = Assets.xcassets; sourceTree = "<group>"; };
		E4B5606B2885BF5900D020A3 /* Base */ = {isa = PBXFileReference; lastKnownFileType = file.storyboard; name = Base; path = Base.lproj/LaunchScreen.storyboard; sourceTree = "<group>"; };
		E4B5606D2885BF5900D020A3 /* Info.plist */ = {isa = PBXFileReference; lastKnownFileType = text.plist.xml; path = Info.plist; sourceTree = "<group>"; };
		E4B560722885BF5A00D020A3 /* WordGameTests.xctest */ = {isa = PBXFileReference; explicitFileType = wrapper.cfbundle; includeInIndex = 0; path = WordGameTests.xctest; sourceTree = BUILT_PRODUCTS_DIR; };
		E4B560762885BF5A00D020A3 /* WordGameTests.swift */ = {isa = PBXFileReference; lastKnownFileType = sourcecode.swift; path = WordGameTests.swift; sourceTree = "<group>"; };
		E4B5607C2885BF5A00D020A3 /* WordGameUITests.xctest */ = {isa = PBXFileReference; explicitFileType = wrapper.cfbundle; includeInIndex = 0; path = WordGameUITests.xctest; sourceTree = BUILT_PRODUCTS_DIR; };
		E4B560802885BF5A00D020A3 /* WordGameUITests.swift */ = {isa = PBXFileReference; lastKnownFileType = sourcecode.swift; path = WordGameUITests.swift; sourceTree = "<group>"; };
		E4B560822885BF5A00D020A3 /* WordGameUITestsLaunchTests.swift */ = {isa = PBXFileReference; lastKnownFileType = sourcecode.swift; path = WordGameUITestsLaunchTests.swift; sourceTree = "<group>"; };
		E4C597502886A4E900F57EC9 /* GameService.swift */ = {isa = PBXFileReference; lastKnownFileType = sourcecode.swift; path = GameService.swift; sourceTree = "<group>"; };
		E4C597552886BC3C00F57EC9 /* HomeViewModel.swift */ = {isa = PBXFileReference; lastKnownFileType = sourcecode.swift; path = HomeViewModel.swift; sourceTree = "<group>"; };
		E4C597572886BD3E00F57EC9 /* HomeViewModelActions.swift */ = {isa = PBXFileReference; lastKnownFileType = sourcecode.swift; path = HomeViewModelActions.swift; sourceTree = "<group>"; };
		E4C597592886C3E200F57EC9 /* GameViewContainer.swift */ = {isa = PBXFileReference; lastKnownFileType = sourcecode.swift; path = GameViewContainer.swift; sourceTree = "<group>"; };
		E4C5975B2886C4A800F57EC9 /* HomeNavigator.swift */ = {isa = PBXFileReference; lastKnownFileType = sourcecode.swift; path = HomeNavigator.swift; sourceTree = "<group>"; };
		E4C5975D2886C87A00F57EC9 /* Storyboards.swift */ = {isa = PBXFileReference; lastKnownFileType = sourcecode.swift; path = Storyboards.swift; sourceTree = "<group>"; };
		E4C5975F2886C9C600F57EC9 /* AppContainer.swift */ = {isa = PBXFileReference; lastKnownFileType = sourcecode.swift; path = AppContainer.swift; sourceTree = "<group>"; };
		E4C597612886CA8900F57EC9 /* AppFlowCoordinator.swift */ = {isa = PBXFileReference; lastKnownFileType = sourcecode.swift; path = AppFlowCoordinator.swift; sourceTree = "<group>"; };
		E4C597662886DEE700F57EC9 /* GameViewModel.swift */ = {isa = PBXFileReference; lastKnownFileType = sourcecode.swift; path = GameViewModel.swift; sourceTree = "<group>"; };
/* End PBXFileReference section */

/* Begin PBXFrameworksBuildPhase section */
		E4B560592885BF5800D020A3 /* Frameworks */ = {
			isa = PBXFrameworksBuildPhase;
			buildActionMask = 2147483647;
			files = (
				E4127C182885CA6900D1AED5 /* Logging in Frameworks */,
			);
			runOnlyForDeploymentPostprocessing = 0;
		};
		E4B5606F2885BF5A00D020A3 /* Frameworks */ = {
			isa = PBXFrameworksBuildPhase;
			buildActionMask = 2147483647;
			files = (
			);
			runOnlyForDeploymentPostprocessing = 0;
		};
		E4B560792885BF5A00D020A3 /* Frameworks */ = {
			isa = PBXFrameworksBuildPhase;
			buildActionMask = 2147483647;
			files = (
			);
			runOnlyForDeploymentPostprocessing = 0;
		};
/* End PBXFrameworksBuildPhase section */

/* Begin PBXGroup section */
		E4127C0E2885C7AE00D1AED5 /* GameView */ = {
			isa = PBXGroup;
			children = (
				E4127C0C2885C53800D1AED5 /* GameViewController.swift */,
				E4C597662886DEE700F57EC9 /* GameViewModel.swift */,
			);
			path = GameView;
			sourceTree = "<group>";
		};
		E4127C0F2885C7B900D1AED5 /* Delegates */ = {
			isa = PBXGroup;
			children = (
				E4B5605F2885BF5800D020A3 /* AppDelegate.swift */,
				E4B560612885BF5800D020A3 /* SceneDelegate.swift */,
				E4C597612886CA8900F57EC9 /* AppFlowCoordinator.swift */,
			);
			path = Delegates;
			sourceTree = "<group>";
		};
		E4127C102885C7E500D1AED5 /* Storyboards */ = {
			isa = PBXGroup;
			children = (
				E4B560652885BF5800D020A3 /* Main.storyboard */,
				E4B5606A2885BF5900D020A3 /* LaunchScreen.storyboard */,
			);
			path = Storyboards;
			sourceTree = "<group>";
		};
		E4127C112885C7FF00D1AED5 /* Resources */ = {
			isa = PBXGroup;
			children = (
				E4127C122885C81000D1AED5 /* words.json */,
				E4B560682885BF5900D020A3 /* Assets.xcassets */,
			);
			path = Resources;
			sourceTree = "<group>";
		};
		E4127C252885CF8700D1AED5 /* FileReader */ = {
			isa = PBXGroup;
			children = (
				E4127C1D2885CF7800D1AED5 /* FileType.swift */,
				E4127C1C2885CF7800D1AED5 /* FileReaderError.swift */,
				E4127C222885CF7D00D1AED5 /* FileName.swift */,
				E4127C212885CF7D00D1AED5 /* FileReader.swift */,
			);
			path = FileReader;
			sourceTree = "<group>";
		};
		E4127C282885CFB600D1AED5 /* Models */ = {
			isa = PBXGroup;
			children = (
				E4127C262885CF9E00D1AED5 /* Word.swift */,
				E421DA2F2885DC4F0062B6D3 /* Round.swift */,
			);
			path = Models;
			sourceTree = "<group>";
		};
		E4127C2B2885D13100D1AED5 /* Extensions */ = {
			isa = PBXGroup;
			children = (
				E4127C292885D12E00D1AED5 /* LoggerExt.swift */,
			);
			path = Extensions;
			sourceTree = "<group>";
		};
		E421DA2D2885DB5C0062B6D3 /* Domain */ = {
			isa = PBXGroup;
			children = (
				E421DA2E2885DB6E0062B6D3 /* Game */,
			);
			path = Domain;
			sourceTree = "<group>";
		};
		E421DA2E2885DB6E0062B6D3 /* Game */ = {
			isa = PBXGroup;
			children = (
				E4C597522886BADA00F57EC9 /* UseCase */,
				E4127C282885CFB600D1AED5 /* Models */,
				E4C597532886BAEB00F57EC9 /* Repository */,
			);
			path = Game;
			sourceTree = "<group>";
		};
		E4B560532885BF5800D020A3 = {
			isa = PBXGroup;
			children = (
				E4B5605E2885BF5800D020A3 /* App */,
				E4B560752885BF5A00D020A3 /* WordGameTests */,
				E4B5607F2885BF5A00D020A3 /* WordGameUITests */,
				E4B5605D2885BF5800D020A3 /* Products */,
			);
			sourceTree = "<group>";
		};
		E4B5605D2885BF5800D020A3 /* Products */ = {
			isa = PBXGroup;
			children = (
				E4B5605C2885BF5800D020A3 /* WordGame.app */,
				E4B560722885BF5A00D020A3 /* WordGameTests.xctest */,
				E4B5607C2885BF5A00D020A3 /* WordGameUITests.xctest */,
			);
			name = Products;
			sourceTree = "<group>";
		};
		E4B5605E2885BF5800D020A3 /* App */ = {
			isa = PBXGroup;
			children = (
				E4C597632886CD2E00F57EC9 /* DependenciesContainers */,
				E4C597542886BC2E00F57EC9 /* HomeView */,
				E4127C0F2885C7B900D1AED5 /* Delegates */,
				E421DA2D2885DB5C0062B6D3 /* Domain */,
				E4127C252885CF8700D1AED5 /* FileReader */,
				E4127C0E2885C7AE00D1AED5 /* GameView */,
				E4127C102885C7E500D1AED5 /* Storyboards */,
				E4127C2B2885D13100D1AED5 /* Extensions */,
				E4127C112885C7FF00D1AED5 /* Resources */,
				E4C597642886CD9D00F57EC9 /* Helpers */,
				E4B5606D2885BF5900D020A3 /* Info.plist */,
			);
			path = App;
			sourceTree = "<group>";
		};
		E4B560752885BF5A00D020A3 /* WordGameTests */ = {
			isa = PBXGroup;
			children = (
				E4B560762885BF5A00D020A3 /* WordGameTests.swift */,
			);
			path = WordGameTests;
			sourceTree = "<group>";
		};
		E4B5607F2885BF5A00D020A3 /* WordGameUITests */ = {
			isa = PBXGroup;
			children = (
				E4B560802885BF5A00D020A3 /* WordGameUITests.swift */,
				E4B560822885BF5A00D020A3 /* WordGameUITestsLaunchTests.swift */,
			);
			path = WordGameUITests;
			sourceTree = "<group>";
		};
		E4C597522886BADA00F57EC9 /* UseCase */ = {
			isa = PBXGroup;
			children = (
				E4C597502886A4E900F57EC9 /* GameService.swift */,
				E421DA312885E0F20062B6D3 /* GameUseCase.swift */,
				E421DA332885E1110062B6D3 /* PlayerAction.swift */,
			);
			path = UseCase;
			sourceTree = "<group>";
		};
		E4C597532886BAEB00F57EC9 /* Repository */ = {
			isa = PBXGroup;
			children = (
				E4127C192885CADB00D1AED5 /* GameRepository.swift */,
			);
			path = Repository;
			sourceTree = "<group>";
		};
		E4C597542886BC2E00F57EC9 /* HomeView */ = {
			isa = PBXGroup;
			children = (
				E4C597652886CDB900F57EC9 /* Navigator */,
				E4B560632885BF5800D020A3 /* HomeViewController.swift */,
				E4C597552886BC3C00F57EC9 /* HomeViewModel.swift */,
				E4C597572886BD3E00F57EC9 /* HomeViewModelActions.swift */,
			);
			path = HomeView;
			sourceTree = "<group>";
		};
		E4C597632886CD2E00F57EC9 /* DependenciesContainers */ = {
			isa = PBXGroup;
			children = (
				E4C5975F2886C9C600F57EC9 /* AppContainer.swift */,
				E4C597592886C3E200F57EC9 /* GameViewContainer.swift */,
			);
			path = DependenciesContainers;
			sourceTree = "<group>";
		};
		E4C597642886CD9D00F57EC9 /* Helpers */ = {
			isa = PBXGroup;
			children = (
				E4C5975D2886C87A00F57EC9 /* Storyboards.swift */,
			);
			path = Helpers;
			sourceTree = "<group>";
		};
		E4C597652886CDB900F57EC9 /* Navigator */ = {
			isa = PBXGroup;
			children = (
				E4C5975B2886C4A800F57EC9 /* HomeNavigator.swift */,
			);
			path = Navigator;
			sourceTree = "<group>";
		};
/* End PBXGroup section */

/* Begin PBXNativeTarget section */
		E4B5605B2885BF5800D020A3 /* WordGame */ = {
			isa = PBXNativeTarget;
			buildConfigurationList = E4B560862885BF5A00D020A3 /* Build configuration list for PBXNativeTarget "WordGame" */;
			buildPhases = (
				E4B560582885BF5800D020A3 /* Sources */,
				E4B560592885BF5800D020A3 /* Frameworks */,
				E4B5605A2885BF5800D020A3 /* Resources */,
			);
			buildRules = (
			);
			dependencies = (
			);
			name = WordGame;
			packageProductDependencies = (
				E4127C172885CA6900D1AED5 /* Logging */,
			);
			productName = WordGame;
			productReference = E4B5605C2885BF5800D020A3 /* WordGame.app */;
			productType = "com.apple.product-type.application";
		};
		E4B560712885BF5A00D020A3 /* WordGameTests */ = {
			isa = PBXNativeTarget;
			buildConfigurationList = E4B560892885BF5A00D020A3 /* Build configuration list for PBXNativeTarget "WordGameTests" */;
			buildPhases = (
				E4B5606E2885BF5A00D020A3 /* Sources */,
				E4B5606F2885BF5A00D020A3 /* Frameworks */,
				E4B560702885BF5A00D020A3 /* Resources */,
			);
			buildRules = (
			);
			dependencies = (
				E4B560742885BF5A00D020A3 /* PBXTargetDependency */,
			);
			name = WordGameTests;
			productName = WordGameTests;
			productReference = E4B560722885BF5A00D020A3 /* WordGameTests.xctest */;
			productType = "com.apple.product-type.bundle.unit-test";
		};
		E4B5607B2885BF5A00D020A3 /* WordGameUITests */ = {
			isa = PBXNativeTarget;
			buildConfigurationList = E4B5608C2885BF5A00D020A3 /* Build configuration list for PBXNativeTarget "WordGameUITests" */;
			buildPhases = (
				E4B560782885BF5A00D020A3 /* Sources */,
				E4B560792885BF5A00D020A3 /* Frameworks */,
				E4B5607A2885BF5A00D020A3 /* Resources */,
			);
			buildRules = (
			);
			dependencies = (
				E4B5607E2885BF5A00D020A3 /* PBXTargetDependency */,
			);
			name = WordGameUITests;
			productName = WordGameUITests;
			productReference = E4B5607C2885BF5A00D020A3 /* WordGameUITests.xctest */;
			productType = "com.apple.product-type.bundle.ui-testing";
		};
/* End PBXNativeTarget section */

/* Begin PBXProject section */
		E4B560542885BF5800D020A3 /* Project object */ = {
			isa = PBXProject;
			attributes = {
				BuildIndependentTargetsInParallel = 1;
				LastSwiftUpdateCheck = 1340;
				LastUpgradeCheck = 1340;
				TargetAttributes = {
					E4B5605B2885BF5800D020A3 = {
						CreatedOnToolsVersion = 13.4.1;
					};
					E4B560712885BF5A00D020A3 = {
						CreatedOnToolsVersion = 13.4.1;
						TestTargetID = E4B5605B2885BF5800D020A3;
					};
					E4B5607B2885BF5A00D020A3 = {
						CreatedOnToolsVersion = 13.4.1;
						TestTargetID = E4B5605B2885BF5800D020A3;
					};
				};
			};
			buildConfigurationList = E4B560572885BF5800D020A3 /* Build configuration list for PBXProject "WordGame" */;
			compatibilityVersion = "Xcode 13.0";
			developmentRegion = en;
			hasScannedForEncodings = 0;
			knownRegions = (
				en,
				Base,
			);
			mainGroup = E4B560532885BF5800D020A3;
			packageReferences = (
				E4127C162885CA6900D1AED5 /* XCRemoteSwiftPackageReference "swift-log" */,
			);
			productRefGroup = E4B5605D2885BF5800D020A3 /* Products */;
			projectDirPath = "";
			projectRoot = "";
			targets = (
				E4B5605B2885BF5800D020A3 /* WordGame */,
				E4B560712885BF5A00D020A3 /* WordGameTests */,
				E4B5607B2885BF5A00D020A3 /* WordGameUITests */,
			);
		};
/* End PBXProject section */

/* Begin PBXResourcesBuildPhase section */
		E4B5605A2885BF5800D020A3 /* Resources */ = {
			isa = PBXResourcesBuildPhase;
			buildActionMask = 2147483647;
			files = (
				E4B5606C2885BF5900D020A3 /* LaunchScreen.storyboard in Resources */,
				E4127C132885C81000D1AED5 /* words.json in Resources */,
				E4B560692885BF5900D020A3 /* Assets.xcassets in Resources */,
				E4B560672885BF5800D020A3 /* Main.storyboard in Resources */,
			);
			runOnlyForDeploymentPostprocessing = 0;
		};
		E4B560702885BF5A00D020A3 /* Resources */ = {
			isa = PBXResourcesBuildPhase;
			buildActionMask = 2147483647;
			files = (
			);
			runOnlyForDeploymentPostprocessing = 0;
		};
		E4B5607A2885BF5A00D020A3 /* Resources */ = {
			isa = PBXResourcesBuildPhase;
			buildActionMask = 2147483647;
			files = (
			);
			runOnlyForDeploymentPostprocessing = 0;
		};
/* End PBXResourcesBuildPhase section */

/* Begin PBXSourcesBuildPhase section */
		E4B560582885BF5800D020A3 /* Sources */ = {
			isa = PBXSourcesBuildPhase;
			buildActionMask = 2147483647;
			files = (
				E4127C0D2885C53800D1AED5 /* GameViewController.swift in Sources */,
				E4C597582886BD3E00F57EC9 /* HomeViewModelActions.swift in Sources */,
				E421DA302885DC4F0062B6D3 /* Round.swift in Sources */,
				E4127C1E2885CF7800D1AED5 /* FileType.swift in Sources */,
				E4C597562886BC3C00F57EC9 /* HomeViewModel.swift in Sources */,
				E4B560642885BF5800D020A3 /* HomeViewController.swift in Sources */,
				E4127C1A2885CADB00D1AED5 /* GameRepository.swift in Sources */,
				E4127C232885CF7D00D1AED5 /* FileName.swift in Sources */,
				E4B560602885BF5800D020A3 /* AppDelegate.swift in Sources */,
				E4C597672886DEE700F57EC9 /* GameViewModel.swift in Sources */,
				E4127C272885CF9E00D1AED5 /* Word.swift in Sources */,
				E4127C2A2885D12E00D1AED5 /* LoggerExt.swift in Sources */,
				E4127C242885CF7D00D1AED5 /* FileReader.swift in Sources */,
				E4127C202885CF7800D1AED5 /* FileReaderError.swift in Sources */,
				E4B560622885BF5800D020A3 /* SceneDelegate.swift in Sources */,
				E4C5975C2886C4A800F57EC9 /* HomeNavigator.swift in Sources */,
				E4C597512886A4E900F57EC9 /* GameService.swift in Sources */,
				E4C5975E2886C87A00F57EC9 /* Storyboards.swift in Sources */,
				E421DA342885E1110062B6D3 /* PlayerAction.swift in Sources */,
				E4C5975A2886C3E200F57EC9 /* GameViewContainer.swift in Sources */,
				E421DA322885E0F20062B6D3 /* GameUseCase.swift in Sources */,
				E4C597622886CA8900F57EC9 /* AppFlowCoordinator.swift in Sources */,
				E4C597602886C9C600F57EC9 /* AppContainer.swift in Sources */,
			);
			runOnlyForDeploymentPostprocessing = 0;
		};
		E4B5606E2885BF5A00D020A3 /* Sources */ = {
			isa = PBXSourcesBuildPhase;
			buildActionMask = 2147483647;
			files = (
				E4B560772885BF5A00D020A3 /* WordGameTests.swift in Sources */,
			);
			runOnlyForDeploymentPostprocessing = 0;
		};
		E4B560782885BF5A00D020A3 /* Sources */ = {
			isa = PBXSourcesBuildPhase;
			buildActionMask = 2147483647;
			files = (
				E4B560832885BF5A00D020A3 /* WordGameUITestsLaunchTests.swift in Sources */,
				E4B560812885BF5A00D020A3 /* WordGameUITests.swift in Sources */,
			);
			runOnlyForDeploymentPostprocessing = 0;
		};
/* End PBXSourcesBuildPhase section */

/* Begin PBXTargetDependency section */
		E4B560742885BF5A00D020A3 /* PBXTargetDependency */ = {
			isa = PBXTargetDependency;
			target = E4B5605B2885BF5800D020A3 /* WordGame */;
			targetProxy = E4B560732885BF5A00D020A3 /* PBXContainerItemProxy */;
		};
		E4B5607E2885BF5A00D020A3 /* PBXTargetDependency */ = {
			isa = PBXTargetDependency;
			target = E4B5605B2885BF5800D020A3 /* WordGame */;
			targetProxy = E4B5607D2885BF5A00D020A3 /* PBXContainerItemProxy */;
		};
/* End PBXTargetDependency section */

/* Begin PBXVariantGroup section */
		E4B560652885BF5800D020A3 /* Main.storyboard */ = {
			isa = PBXVariantGroup;
			children = (
				E4B560662885BF5800D020A3 /* Base */,
			);
			name = Main.storyboard;
			sourceTree = "<group>";
		};
		E4B5606A2885BF5900D020A3 /* LaunchScreen.storyboard */ = {
			isa = PBXVariantGroup;
			children = (
				E4B5606B2885BF5900D020A3 /* Base */,
			);
			name = LaunchScreen.storyboard;
			sourceTree = "<group>";
		};
/* End PBXVariantGroup section */

/* Begin XCBuildConfiguration section */
		E4B560842885BF5A00D020A3 /* Debug */ = {
			isa = XCBuildConfiguration;
			buildSettings = {
				ALWAYS_SEARCH_USER_PATHS = NO;
				CLANG_ANALYZER_NONNULL = YES;
				CLANG_ANALYZER_NUMBER_OBJECT_CONVERSION = YES_AGGRESSIVE;
				CLANG_CXX_LANGUAGE_STANDARD = "gnu++17";
				CLANG_ENABLE_MODULES = YES;
				CLANG_ENABLE_OBJC_ARC = YES;
				CLANG_ENABLE_OBJC_WEAK = YES;
				CLANG_WARN_BLOCK_CAPTURE_AUTORELEASING = YES;
				CLANG_WARN_BOOL_CONVERSION = YES;
				CLANG_WARN_COMMA = YES;
				CLANG_WARN_CONSTANT_CONVERSION = YES;
				CLANG_WARN_DEPRECATED_OBJC_IMPLEMENTATIONS = YES;
				CLANG_WARN_DIRECT_OBJC_ISA_USAGE = YES_ERROR;
				CLANG_WARN_DOCUMENTATION_COMMENTS = YES;
				CLANG_WARN_EMPTY_BODY = YES;
				CLANG_WARN_ENUM_CONVERSION = YES;
				CLANG_WARN_INFINITE_RECURSION = YES;
				CLANG_WARN_INT_CONVERSION = YES;
				CLANG_WARN_NON_LITERAL_NULL_CONVERSION = YES;
				CLANG_WARN_OBJC_IMPLICIT_RETAIN_SELF = YES;
				CLANG_WARN_OBJC_LITERAL_CONVERSION = YES;
				CLANG_WARN_OBJC_ROOT_CLASS = YES_ERROR;
				CLANG_WARN_QUOTED_INCLUDE_IN_FRAMEWORK_HEADER = YES;
				CLANG_WARN_RANGE_LOOP_ANALYSIS = YES;
				CLANG_WARN_STRICT_PROTOTYPES = YES;
				CLANG_WARN_SUSPICIOUS_MOVE = YES;
				CLANG_WARN_UNGUARDED_AVAILABILITY = YES_AGGRESSIVE;
				CLANG_WARN_UNREACHABLE_CODE = YES;
				CLANG_WARN__DUPLICATE_METHOD_MATCH = YES;
				COPY_PHASE_STRIP = NO;
				DEBUG_INFORMATION_FORMAT = dwarf;
				ENABLE_STRICT_OBJC_MSGSEND = YES;
				ENABLE_TESTABILITY = YES;
				GCC_C_LANGUAGE_STANDARD = gnu11;
				GCC_DYNAMIC_NO_PIC = NO;
				GCC_NO_COMMON_BLOCKS = YES;
				GCC_OPTIMIZATION_LEVEL = 0;
				GCC_PREPROCESSOR_DEFINITIONS = (
					"DEBUG=1",
					"$(inherited)",
				);
				GCC_WARN_64_TO_32_BIT_CONVERSION = YES;
				GCC_WARN_ABOUT_RETURN_TYPE = YES_ERROR;
				GCC_WARN_UNDECLARED_SELECTOR = YES;
				GCC_WARN_UNINITIALIZED_AUTOS = YES_AGGRESSIVE;
				GCC_WARN_UNUSED_FUNCTION = YES;
				GCC_WARN_UNUSED_VARIABLE = YES;
				IPHONEOS_DEPLOYMENT_TARGET = 15.5;
				MTL_ENABLE_DEBUG_INFO = INCLUDE_SOURCE;
				MTL_FAST_MATH = YES;
				ONLY_ACTIVE_ARCH = YES;
				SDKROOT = iphoneos;
				SWIFT_ACTIVE_COMPILATION_CONDITIONS = DEBUG;
				SWIFT_OPTIMIZATION_LEVEL = "-Onone";
			};
			name = Debug;
		};
		E4B560852885BF5A00D020A3 /* Release */ = {
			isa = XCBuildConfiguration;
			buildSettings = {
				ALWAYS_SEARCH_USER_PATHS = NO;
				CLANG_ANALYZER_NONNULL = YES;
				CLANG_ANALYZER_NUMBER_OBJECT_CONVERSION = YES_AGGRESSIVE;
				CLANG_CXX_LANGUAGE_STANDARD = "gnu++17";
				CLANG_ENABLE_MODULES = YES;
				CLANG_ENABLE_OBJC_ARC = YES;
				CLANG_ENABLE_OBJC_WEAK = YES;
				CLANG_WARN_BLOCK_CAPTURE_AUTORELEASING = YES;
				CLANG_WARN_BOOL_CONVERSION = YES;
				CLANG_WARN_COMMA = YES;
				CLANG_WARN_CONSTANT_CONVERSION = YES;
				CLANG_WARN_DEPRECATED_OBJC_IMPLEMENTATIONS = YES;
				CLANG_WARN_DIRECT_OBJC_ISA_USAGE = YES_ERROR;
				CLANG_WARN_DOCUMENTATION_COMMENTS = YES;
				CLANG_WARN_EMPTY_BODY = YES;
				CLANG_WARN_ENUM_CONVERSION = YES;
				CLANG_WARN_INFINITE_RECURSION = YES;
				CLANG_WARN_INT_CONVERSION = YES;
				CLANG_WARN_NON_LITERAL_NULL_CONVERSION = YES;
				CLANG_WARN_OBJC_IMPLICIT_RETAIN_SELF = YES;
				CLANG_WARN_OBJC_LITERAL_CONVERSION = YES;
				CLANG_WARN_OBJC_ROOT_CLASS = YES_ERROR;
				CLANG_WARN_QUOTED_INCLUDE_IN_FRAMEWORK_HEADER = YES;
				CLANG_WARN_RANGE_LOOP_ANALYSIS = YES;
				CLANG_WARN_STRICT_PROTOTYPES = YES;
				CLANG_WARN_SUSPICIOUS_MOVE = YES;
				CLANG_WARN_UNGUARDED_AVAILABILITY = YES_AGGRESSIVE;
				CLANG_WARN_UNREACHABLE_CODE = YES;
				CLANG_WARN__DUPLICATE_METHOD_MATCH = YES;
				COPY_PHASE_STRIP = NO;
				DEBUG_INFORMATION_FORMAT = "dwarf-with-dsym";
				ENABLE_NS_ASSERTIONS = NO;
				ENABLE_STRICT_OBJC_MSGSEND = YES;
				GCC_C_LANGUAGE_STANDARD = gnu11;
				GCC_NO_COMMON_BLOCKS = YES;
				GCC_WARN_64_TO_32_BIT_CONVERSION = YES;
				GCC_WARN_ABOUT_RETURN_TYPE = YES_ERROR;
				GCC_WARN_UNDECLARED_SELECTOR = YES;
				GCC_WARN_UNINITIALIZED_AUTOS = YES_AGGRESSIVE;
				GCC_WARN_UNUSED_FUNCTION = YES;
				GCC_WARN_UNUSED_VARIABLE = YES;
				IPHONEOS_DEPLOYMENT_TARGET = 15.5;
				MTL_ENABLE_DEBUG_INFO = NO;
				MTL_FAST_MATH = YES;
				SDKROOT = iphoneos;
				SWIFT_COMPILATION_MODE = wholemodule;
				SWIFT_OPTIMIZATION_LEVEL = "-O";
				VALIDATE_PRODUCT = YES;
			};
			name = Release;
		};
		E4B560872885BF5A00D020A3 /* Debug */ = {
			isa = XCBuildConfiguration;
			buildSettings = {
				ASSETCATALOG_COMPILER_APPICON_NAME = AppIcon;
				ASSETCATALOG_COMPILER_GLOBAL_ACCENT_COLOR_NAME = AccentColor;
				CODE_SIGN_STYLE = Automatic;
				CURRENT_PROJECT_VERSION = 1;
				DEVELOPMENT_TEAM = 4SXK89N4ZG;
				GENERATE_INFOPLIST_FILE = YES;
				INFOPLIST_FILE = App/Info.plist;
				INFOPLIST_KEY_UIApplicationSupportsIndirectInputEvents = YES;
				INFOPLIST_KEY_UILaunchStoryboardName = LaunchScreen;
				INFOPLIST_KEY_UIMainStoryboardFile = Main;
				INFOPLIST_KEY_UISupportedInterfaceOrientations_iPad = "UIInterfaceOrientationPortrait UIInterfaceOrientationPortraitUpsideDown UIInterfaceOrientationLandscapeLeft UIInterfaceOrientationLandscapeRight";
				INFOPLIST_KEY_UISupportedInterfaceOrientations_iPhone = "UIInterfaceOrientationPortrait UIInterfaceOrientationLandscapeLeft UIInterfaceOrientationLandscapeRight";
				LD_RUNPATH_SEARCH_PATHS = (
					"$(inherited)",
					"@executable_path/Frameworks",
				);
				MARKETING_VERSION = 1.0;
				PRODUCT_BUNDLE_IDENTIFIER = com.workgame.app.WordGame;
				PRODUCT_NAME = "$(TARGET_NAME)";
				SWIFT_EMIT_LOC_STRINGS = YES;
				SWIFT_VERSION = 5.0;
				TARGETED_DEVICE_FAMILY = "1,2";
			};
			name = Debug;
		};
		E4B560882885BF5A00D020A3 /* Release */ = {
			isa = XCBuildConfiguration;
			buildSettings = {
				ASSETCATALOG_COMPILER_APPICON_NAME = AppIcon;
				ASSETCATALOG_COMPILER_GLOBAL_ACCENT_COLOR_NAME = AccentColor;
				CODE_SIGN_STYLE = Automatic;
				CURRENT_PROJECT_VERSION = 1;
				DEVELOPMENT_TEAM = 4SXK89N4ZG;
				GENERATE_INFOPLIST_FILE = YES;
				INFOPLIST_FILE = App/Info.plist;
				INFOPLIST_KEY_UIApplicationSupportsIndirectInputEvents = YES;
				INFOPLIST_KEY_UILaunchStoryboardName = LaunchScreen;
				INFOPLIST_KEY_UIMainStoryboardFile = Main;
				INFOPLIST_KEY_UISupportedInterfaceOrientations_iPad = "UIInterfaceOrientationPortrait UIInterfaceOrientationPortraitUpsideDown UIInterfaceOrientationLandscapeLeft UIInterfaceOrientationLandscapeRight";
				INFOPLIST_KEY_UISupportedInterfaceOrientations_iPhone = "UIInterfaceOrientationPortrait UIInterfaceOrientationLandscapeLeft UIInterfaceOrientationLandscapeRight";
				LD_RUNPATH_SEARCH_PATHS = (
					"$(inherited)",
					"@executable_path/Frameworks",
				);
				MARKETING_VERSION = 1.0;
				PRODUCT_BUNDLE_IDENTIFIER = com.workgame.app.WordGame;
				PRODUCT_NAME = "$(TARGET_NAME)";
				SWIFT_EMIT_LOC_STRINGS = YES;
				SWIFT_VERSION = 5.0;
				TARGETED_DEVICE_FAMILY = "1,2";
			};
			name = Release;
		};
		E4B5608A2885BF5A00D020A3 /* Debug */ = {
			isa = XCBuildConfiguration;
			buildSettings = {
				ALWAYS_EMBED_SWIFT_STANDARD_LIBRARIES = YES;
				BUNDLE_LOADER = "$(TEST_HOST)";
				CODE_SIGN_STYLE = Automatic;
				CURRENT_PROJECT_VERSION = 1;
				DEVELOPMENT_TEAM = 4SXK89N4ZG;
				GENERATE_INFOPLIST_FILE = YES;
				IPHONEOS_DEPLOYMENT_TARGET = 15.5;
				MARKETING_VERSION = 1.0;
				PRODUCT_BUNDLE_IDENTIFIER = com.workgame.app.WordGameTests;
				PRODUCT_NAME = "$(TARGET_NAME)";
				SWIFT_EMIT_LOC_STRINGS = NO;
				SWIFT_VERSION = 5.0;
				TARGETED_DEVICE_FAMILY = "1,2";
				TEST_HOST = "$(BUILT_PRODUCTS_DIR)/WordGame.app/WordGame";
			};
			name = Debug;
		};
		E4B5608B2885BF5A00D020A3 /* Release */ = {
			isa = XCBuildConfiguration;
			buildSettings = {
				ALWAYS_EMBED_SWIFT_STANDARD_LIBRARIES = YES;
				BUNDLE_LOADER = "$(TEST_HOST)";
				CODE_SIGN_STYLE = Automatic;
				CURRENT_PROJECT_VERSION = 1;
				DEVELOPMENT_TEAM = 4SXK89N4ZG;
				GENERATE_INFOPLIST_FILE = YES;
				IPHONEOS_DEPLOYMENT_TARGET = 15.5;
				MARKETING_VERSION = 1.0;
				PRODUCT_BUNDLE_IDENTIFIER = com.workgame.app.WordGameTests;
				PRODUCT_NAME = "$(TARGET_NAME)";
				SWIFT_EMIT_LOC_STRINGS = NO;
				SWIFT_VERSION = 5.0;
				TARGETED_DEVICE_FAMILY = "1,2";
				TEST_HOST = "$(BUILT_PRODUCTS_DIR)/WordGame.app/WordGame";
			};
			name = Release;
		};
		E4B5608D2885BF5A00D020A3 /* Debug */ = {
			isa = XCBuildConfiguration;
			buildSettings = {
				ALWAYS_EMBED_SWIFT_STANDARD_LIBRARIES = YES;
				CODE_SIGN_STYLE = Automatic;
				CURRENT_PROJECT_VERSION = 1;
				DEVELOPMENT_TEAM = 4SXK89N4ZG;
				GENERATE_INFOPLIST_FILE = YES;
				MARKETING_VERSION = 1.0;
				PRODUCT_BUNDLE_IDENTIFIER = com.workgame.app.WordGameUITests;
				PRODUCT_NAME = "$(TARGET_NAME)";
				SWIFT_EMIT_LOC_STRINGS = NO;
				SWIFT_VERSION = 5.0;
				TARGETED_DEVICE_FAMILY = "1,2";
				TEST_TARGET_NAME = WordGame;
			};
			name = Debug;
		};
		E4B5608E2885BF5A00D020A3 /* Release */ = {
			isa = XCBuildConfiguration;
			buildSettings = {
				ALWAYS_EMBED_SWIFT_STANDARD_LIBRARIES = YES;
				CODE_SIGN_STYLE = Automatic;
				CURRENT_PROJECT_VERSION = 1;
				DEVELOPMENT_TEAM = 4SXK89N4ZG;
				GENERATE_INFOPLIST_FILE = YES;
				MARKETING_VERSION = 1.0;
				PRODUCT_BUNDLE_IDENTIFIER = com.workgame.app.WordGameUITests;
				PRODUCT_NAME = "$(TARGET_NAME)";
				SWIFT_EMIT_LOC_STRINGS = NO;
				SWIFT_VERSION = 5.0;
				TARGETED_DEVICE_FAMILY = "1,2";
				TEST_TARGET_NAME = WordGame;
			};
			name = Release;
		};
/* End XCBuildConfiguration section */

/* Begin XCConfigurationList section */
		E4B560572885BF5800D020A3 /* Build configuration list for PBXProject "WordGame" */ = {
			isa = XCConfigurationList;
			buildConfigurations = (
				E4B560842885BF5A00D020A3 /* Debug */,
				E4B560852885BF5A00D020A3 /* Release */,
			);
			defaultConfigurationIsVisible = 0;
			defaultConfigurationName = Release;
		};
		E4B560862885BF5A00D020A3 /* Build configuration list for PBXNativeTarget "WordGame" */ = {
			isa = XCConfigurationList;
			buildConfigurations = (
				E4B560872885BF5A00D020A3 /* Debug */,
				E4B560882885BF5A00D020A3 /* Release */,
			);
			defaultConfigurationIsVisible = 0;
			defaultConfigurationName = Release;
		};
		E4B560892885BF5A00D020A3 /* Build configuration list for PBXNativeTarget "WordGameTests" */ = {
			isa = XCConfigurationList;
			buildConfigurations = (
				E4B5608A2885BF5A00D020A3 /* Debug */,
				E4B5608B2885BF5A00D020A3 /* Release */,
			);
			defaultConfigurationIsVisible = 0;
			defaultConfigurationName = Release;
		};
		E4B5608C2885BF5A00D020A3 /* Build configuration list for PBXNativeTarget "WordGameUITests" */ = {
			isa = XCConfigurationList;
			buildConfigurations = (
				E4B5608D2885BF5A00D020A3 /* Debug */,
				E4B5608E2885BF5A00D020A3 /* Release */,
			);
			defaultConfigurationIsVisible = 0;
			defaultConfigurationName = Release;
		};
/* End XCConfigurationList section */

/* Begin XCRemoteSwiftPackageReference section */
		E4127C162885CA6900D1AED5 /* XCRemoteSwiftPackageReference "swift-log" */ = {
			isa = XCRemoteSwiftPackageReference;
			repositoryURL = "https://github.com/apple/swift-log";
			requirement = {
				kind = upToNextMajorVersion;
				minimumVersion = 1.0.0;
			};
		};
/* End XCRemoteSwiftPackageReference section */

/* Begin XCSwiftPackageProductDependency section */
		E4127C172885CA6900D1AED5 /* Logging */ = {
			isa = XCSwiftPackageProductDependency;
			package = E4127C162885CA6900D1AED5 /* XCRemoteSwiftPackageReference "swift-log" */;
			productName = Logging;
		};
/* End XCSwiftPackageProductDependency section */
	};
	rootObject = E4B560542885BF5800D020A3 /* Project object */;
}
